
Microsoft Visual Studio Solution File, Format Version 12.00
# Visual Studio 15
VisualStudioVersion = 15.0.28010.2046
MinimumVisualStudioVersion = 10.0.40219.1
Project("{8BC9CEB8-8B4A-11D0-8D11-00A0C91BC942}") = "OSISP_2_new", "OSISP_2_new\OSISP_2_new.vcxproj", "{90B21F48-3E92-4BA2-A427-BA9803D09810}"
EndProject
Global
	GlobalSection(SolutionConfigurationPlatforms) = preSolution
		Debug|x64 = Debug|x64
		Debug|x86 = Debug|x86
		Release|x64 = Release|x64
		Release|x86 = Release|x86
	EndGlobalSection
	GlobalSection(ProjectConfigurationPlatforms) = postSolution
		{90B21F48-3E92-4BA2-A427-BA9803D09810}.Debug|x64.ActiveCfg = Debug|x64
		{90B21F48-3E92-4BA2-A427-BA9803D09810}.Debug|x64.Build.0 = Debug|x64
		{90B21F48-3E92-4BA2-A427-BA9803D09810}.Debug|x86.ActiveCfg = Debug|Win32
		{90B21F48-3E92-4BA2-A427-BA9803D09810}.Debug|x86.Build.0 = Debug|Win32
		{90B21F48-3E92-4BA2-A427-BA9803D09810}.Release|x64.ActiveCfg = Release|x64
		{90B21F48-3E92-4BA2-A427-BA9803D09810}.Release|x64.Build.0 = Release|x64
		{90B21F48-3E92-4BA2-A427-BA9803D09810}.Release|x86.ActiveCfg = Release|Win32
		{90B21F48-3E92-4BA2-A427-BA9803D09810}.Release|x86.Build.0 = Release|Win32
	EndGlobalSection
	GlobalSection(SolutionProperties) = preSolution
		HideSolutionNode = FALSE
	EndGlobalSection
	GlobalSection(ExtensibilityGlobals) = postSolution
		SolutionGuid = {8A0641A9-B32F-4323-800F-B616D1951B21}
	EndGlobalSection
EndGlobal
